lockfileVersion: 5.4

specifiers:
  '@types/ws': ^8.5.4
  nanoid: ^4.0.2
  ws: ^8.13.0

dependencies:
  nanoid: 4.0.2
  ws: 8.13.0

devDependencies:
  '@types/ws': 8.5.4

packages:

  /@types/node/18.15.11:
    resolution: {integrity: sha512-E5Kwq2n4SbMzQOn6wnmBjuK9ouqlURrcZDVfbo9ftDDTFt3nk7ZKK4GMOzoYgnpQJKcxwQw+lGaBvvlMo0qN/Q==}
    dev: true

  /@types/ws/8.5.4:
    resolution: {integrity: sha512-zdQDHKUgcX/zBc4GrwsE/7dVdAD8JR4EuiAXiiUhhfyIJXXb2+PrGshFyeXWQPMmmZ2XxgaqclgpIC7eTXc1mg==}
    dependencies:
      '@types/node': 18.15.11
    dev: true

  /nanoid/4.0.2:
    resolution: {integrity: sha512-7ZtY5KTCNheRGfEFxnedV5zFiORN1+Y1N6zvPTnHQd8ENUvfaDBeuJDZb2bN/oXwXxu3qkTXDzy57W5vAmDTBw==}
    engines: {node: ^14 || ^16 || >=18}
    hasBin: true
    dev: false

  /ws/8.13.0:
    resolution: {integrity: sha512-x9vcZYTrFPC7aSIbj7sRCYo7L/Xb8Iy+pW0ng0wt2vCJv7M9HOMy0UoN3rr+IFC7hb7vXoqS+P9ktyLLLhO+LA==}
    engines: {node: '>=10.0.0'}
    peerDependencies:
      bufferutil: ^4.0.1
      utf-8-validate: '>=5.0.2'
    peerDependenciesMeta:
      bufferutil:
        optional: true
      utf-8-validate:
        optional: true
    dev: false
